
Microsoft Visual Studio Solution File, Format Version 12.00
# Visual Studio 15
VisualStudioVersion = 15.0.28010.2016
MinimumVisualStudioVersion = 10.0.40219.1
Project("{FAE04EC0-301F-11D3-BF4B-00C04F79EFBC}") = "Confiar", "WindowsFormsApp3\Confiar.csproj", "{93A9AF0D-2348-4FD7-8599-31F5ABC6A141}"
EndProject
Global
	GlobalSection(SolutionConfigurationPlatforms) = preSolution
		Debug|Any CPU = Debug|Any CPU
		Release|Any CPU = Release|Any CPU
	EndGlobalSection
	GlobalSection(ProjectConfigurationPlatforms) = postSolution
		{93A9AF0D-2348-4FD7-8599-31F5ABC6A141}.Debug|Any CPU.ActiveCfg = Debug|Any CPU
		{93A9AF0D-2348-4FD7-8599-31F5ABC6A141}.Debug|Any CPU.Build.0 = Debug|Any CPU
		{93A9AF0D-2348-4FD7-8599-31F5ABC6A141}.Release|Any CPU.ActiveCfg = Release|Any CPU
		{93A9AF0D-2348-4FD7-8599-31F5ABC6A141}.Release|Any CPU.Build.0 = Release|Any CPU
	EndGlobalSection
	GlobalSection(SolutionProperties) = preSolution
		HideSolutionNode = FALSE
	EndGlobalSection
	GlobalSection(ExtensibilityGlobals) = postSolution
		SolutionGuid = {AE9268A5-7BF8-46D7-A5F1-0EC71B0CDD2F}
	EndGlobalSection
EndGlobal
